
Microsoft Visual Studio Solution File, Format Version 12.00
# Visual Studio 15
VisualStudioVersion = 15.0.28307.136
MinimumVisualStudioVersion = 10.0.40219.1
Project("{FAE04EC0-301F-11D3-BF4B-00C04F79EFBC}") = "TripCalculator", "TripCalculator\TripCalculator.csproj", "{B341E6EC-48ED-431E-B648-7E0BB93ACDCD}"
EndProject
Global
	GlobalSection(SolutionConfigurationPlatforms) = preSolution
		Debug|Any CPU = Debug|Any CPU
		Release|Any CPU = Release|Any CPU
	EndGlobalSection
	GlobalSection(ProjectConfigurationPlatforms) = postSolution
		{B341E6EC-48ED-431E-B648-7E0BB93ACDCD}.Debug|Any CPU.ActiveCfg = Debug|Any CPU
		{B341E6EC-48ED-431E-B648-7E0BB93ACDCD}.Debug|Any CPU.Build.0 = Debug|Any CPU
		{B341E6EC-48ED-431E-B648-7E0BB93ACDCD}.Release|Any CPU.ActiveCfg = Release|Any CPU
		{B341E6EC-48ED-431E-B648-7E0BB93ACDCD}.Release|Any CPU.Build.0 = Release|Any CPU
	EndGlobalSection
	GlobalSection(SolutionProperties) = preSolution
		HideSolutionNode = FALSE
	EndGlobalSection
	GlobalSection(ExtensibilityGlobals) = postSolution
		SolutionGuid = {927867DF-F924-4ED5-8530-EF56B2FEA403}
	EndGlobalSection
EndGlobal
